
Microsoft Visual Studio Solution File, Format Version 12.00
# Visual Studio Version 16
VisualStudioVersion = 16.0.30225.117
MinimumVisualStudioVersion = 10.0.40219.1
Project("{FAE04EC0-301F-11D3-BF4B-00C04F79EFBC}") = "BowlingStats", "BowlingStats\BowlingStats.csproj", "{A3D791FB-B586-41CE-A230-E677E88B84E8}"
EndProject
Global
	GlobalSection(SolutionConfigurationPlatforms) = preSolution
		Debug|Any CPU = Debug|Any CPU
		Release|Any CPU = Release|Any CPU
	EndGlobalSection
	GlobalSection(ProjectConfigurationPlatforms) = postSolution
		{A3D791FB-B586-41CE-A230-E677E88B84E8}.Debug|Any CPU.ActiveCfg = Debug|Any CPU
		{A3D791FB-B586-41CE-A230-E677E88B84E8}.Debug|Any CPU.Build.0 = Debug|Any CPU
		{A3D791FB-B586-41CE-A230-E677E88B84E8}.Release|Any CPU.ActiveCfg = Release|Any CPU
		{A3D791FB-B586-41CE-A230-E677E88B84E8}.Release|Any CPU.Build.0 = Release|Any CPU
	EndGlobalSection
	GlobalSection(SolutionProperties) = preSolution
		HideSolutionNode = FALSE
	EndGlobalSection
	GlobalSection(ExtensibilityGlobals) = postSolution
		SolutionGuid = {D2F3A7C6-041B-4F68-81D3-B909A8401F9C}
	EndGlobalSection
EndGlobal
